
Microsoft Visual Studio Solution File, Format Version 12.00
# Visual Studio Version 16
VisualStudioVersion = 16.0.30621.155
MinimumVisualStudioVersion = 10.0.40219.1
Project("{9A19103F-16F7-4668-BE54-9A1E7A4F7556}") = "Entity", "..\Entity\Entity\Entity.csproj", "{4E8F4E25-B366-4C36-88A9-9BA3D4F00D8D}"
EndProject
Project("{9A19103F-16F7-4668-BE54-9A1E7A4F7556}") = "IRepositories", "..\IRepositories\IRepositories\IRepositories.csproj", "{017B4C2A-9DFB-4F24-B587-972881F4A4B6}"
EndProject
Project("{9A19103F-16F7-4668-BE54-9A1E7A4F7556}") = "Repositories", "..\Repositories\Repositories\Repositories.csproj", "{A9E989E9-6D6D-43FF-A694-D17814DDE81B}"
EndProject
Project("{9A19103F-16F7-4668-BE54-9A1E7A4F7556}") = "Application", "..\Application\Application\Application.csproj", "{F5DCF4E0-E407-4B91-BB0C-D7F43E25DDF6}"
EndProject
Project("{9A19103F-16F7-4668-BE54-9A1E7A4F7556}") = "Utils", "..\Utils\Utils\Utils.csproj", "{B7F015A2-0BA2-4246-ABA6-174F53A39911}"
EndProject
Project("{9A19103F-16F7-4668-BE54-9A1E7A4F7556}") = "Integration", "..\Integration\Integration\Integration.csproj", "{BD67BD23-82AD-4091-A48D-A593B9A1D4B4}"
EndProject
Project("{9A19103F-16F7-4668-BE54-9A1E7A4F7556}") = "ViewModel", "..\ViewModel\ViewModel\ViewModel.csproj", "{5A1FA58C-3319-46FC-AE86-3C12207423BA}"
EndProject
Project("{FAE04EC0-301F-11D3-BF4B-00C04F79EFBC}") = "WebService", "..\WebService\WebService\WebService.csproj", "{11CBB203-B895-4680-B5AD-6ED85B40D155}"
EndProject
Global
	GlobalSection(SolutionConfigurationPlatforms) = preSolution
		Debug|Any CPU = Debug|Any CPU
		Release|Any CPU = Release|Any CPU
	EndGlobalSection
	GlobalSection(ProjectConfigurationPlatforms) = postSolution
		{4E8F4E25-B366-4C36-88A9-9BA3D4F00D8D}.Debug|Any CPU.ActiveCfg = Debug|Any CPU
		{4E8F4E25-B366-4C36-88A9-9BA3D4F00D8D}.Debug|Any CPU.Build.0 = Debug|Any CPU
		{4E8F4E25-B366-4C36-88A9-9BA3D4F00D8D}.Release|Any CPU.ActiveCfg = Release|Any CPU
		{4E8F4E25-B366-4C36-88A9-9BA3D4F00D8D}.Release|Any CPU.Build.0 = Release|Any CPU
		{017B4C2A-9DFB-4F24-B587-972881F4A4B6}.Debug|Any CPU.ActiveCfg = Debug|Any CPU
		{017B4C2A-9DFB-4F24-B587-972881F4A4B6}.Debug|Any CPU.Build.0 = Debug|Any CPU
		{017B4C2A-9DFB-4F24-B587-972881F4A4B6}.Release|Any CPU.ActiveCfg = Release|Any CPU
		{017B4C2A-9DFB-4F24-B587-972881F4A4B6}.Release|Any CPU.Build.0 = Release|Any CPU
		{A9E989E9-6D6D-43FF-A694-D17814DDE81B}.Debug|Any CPU.ActiveCfg = Debug|Any CPU
		{A9E989E9-6D6D-43FF-A694-D17814DDE81B}.Debug|Any CPU.Build.0 = Debug|Any CPU
		{A9E989E9-6D6D-43FF-A694-D17814DDE81B}.Release|Any CPU.ActiveCfg = Release|Any CPU
		{A9E989E9-6D6D-43FF-A694-D17814DDE81B}.Release|Any CPU.Build.0 = Release|Any CPU
		{F5DCF4E0-E407-4B91-BB0C-D7F43E25DDF6}.Debug|Any CPU.ActiveCfg = Debug|Any CPU
		{F5DCF4E0-E407-4B91-BB0C-D7F43E25DDF6}.Debug|Any CPU.Build.0 = Debug|Any CPU
		{F5DCF4E0-E407-4B91-BB0C-D7F43E25DDF6}.Release|Any CPU.ActiveCfg = Release|Any CPU
		{F5DCF4E0-E407-4B91-BB0C-D7F43E25DDF6}.Release|Any CPU.Build.0 = Release|Any CPU
		{B7F015A2-0BA2-4246-ABA6-174F53A39911}.Debug|Any CPU.ActiveCfg = Debug|Any CPU
		{B7F015A2-0BA2-4246-ABA6-174F53A39911}.Debug|Any CPU.Build.0 = Debug|Any CPU
		{B7F015A2-0BA2-4246-ABA6-174F53A39911}.Release|Any CPU.ActiveCfg = Release|Any CPU
		{B7F015A2-0BA2-4246-ABA6-174F53A39911}.Release|Any CPU.Build.0 = Release|Any CPU
		{BD67BD23-82AD-4091-A48D-A593B9A1D4B4}.Debug|Any CPU.ActiveCfg = Debug|Any CPU
		{BD67BD23-82AD-4091-A48D-A593B9A1D4B4}.Debug|Any CPU.Build.0 = Debug|Any CPU
		{BD67BD23-82AD-4091-A48D-A593B9A1D4B4}.Release|Any CPU.ActiveCfg = Release|Any CPU
		{BD67BD23-82AD-4091-A48D-A593B9A1D4B4}.Release|Any CPU.Build.0 = Release|Any CPU
		{5A1FA58C-3319-46FC-AE86-3C12207423BA}.Debug|Any CPU.ActiveCfg = Debug|Any CPU
		{5A1FA58C-3319-46FC-AE86-3C12207423BA}.Debug|Any CPU.Build.0 = Debug|Any CPU
		{5A1FA58C-3319-46FC-AE86-3C12207423BA}.Release|Any CPU.ActiveCfg = Release|Any CPU
		{5A1FA58C-3319-46FC-AE86-3C12207423BA}.Release|Any CPU.Build.0 = Release|Any CPU
		{11CBB203-B895-4680-B5AD-6ED85B40D155}.Debug|Any CPU.ActiveCfg = Debug|Any CPU
		{11CBB203-B895-4680-B5AD-6ED85B40D155}.Debug|Any CPU.Build.0 = Debug|Any CPU
		{11CBB203-B895-4680-B5AD-6ED85B40D155}.Release|Any CPU.ActiveCfg = Release|Any CPU
		{11CBB203-B895-4680-B5AD-6ED85B40D155}.Release|Any CPU.Build.0 = Release|Any CPU
	EndGlobalSection
	GlobalSection(SolutionProperties) = preSolution
		HideSolutionNode = FALSE
	EndGlobalSection
	GlobalSection(ExtensibilityGlobals) = postSolution
		SolutionGuid = {B04DE315-F9A5-4F06-8891-772EB4DE0779}
	EndGlobalSection
EndGlobal
